// !$*UTF8*$!
{
	archiveVersion = 1;
	classes = {
	};
	objectVersion = 46;
	objects = {

/* Begin PBXBuildFile section */
		28AB2B8F1ABC2BD90058D683 /* AppDelegate.swift in Sources */ = {isa = PBXBuildFile; fileRef = 28AB2B8E1ABC2BD90058D683 /* AppDelegate.swift */; };
		28AB2B911ABC2BD90058D683 /* ViewController.swift in Sources */ = {isa = PBXBuildFile; fileRef = 28AB2B901ABC2BD90058D683 /* ViewController.swift */; };
		28AB2B941ABC2BD90058D683 /* Main.storyboard in Resources */ = {isa = PBXBuildFile; fileRef = 28AB2B921ABC2BD90058D683 /* Main.storyboard */; };
		28AB2B961ABC2BD90058D683 /* Images.xcassets in Resources */ = {isa = PBXBuildFile; fileRef = 28AB2B951ABC2BD90058D683 /* Images.xcassets */; };
		28AB2B991ABC2BD90058D683 /* LaunchScreen.xib in Resources */ = {isa = PBXBuildFile; fileRef = 28AB2B971ABC2BD90058D683 /* LaunchScreen.xib */; };
		28AB2BA51ABC2BD90058D683 /* SimpleProjectTests.swift in Sources */ = {isa = PBXBuildFile; fileRef = 28AB2BA41ABC2BD90058D683 /* SimpleProjectTests.swift */; };
/* End PBXBuildFile section */

/* Begin PBXContainerItemProxy section */
		28AB2B9F1ABC2BD90058D683 /* PBXContainerItemProxy */ = {
			isa = PBXContainerItemProxy;
			containerPortal = 28AB2B811ABC2BD90058D683 /* Project object */;
			proxyType = 1;
			remoteGlobalIDString = 28AB2B881ABC2BD90058D683;
			remoteInfo = SimpleProject;
		};
/* End PBXContainerItemProxy section */

/* Begin PBXFileReference section */
		28AB2B891ABC2BD90058D683 /* SimpleProject.app */ = {isa = PBXFileReference; explicitFileType = wrapper.application; includeInIndex = 0; path = SimpleProject.app; sourceTree = BUILT_PRODUCTS_DIR; };
		28AB2B8D1ABC2BD90058D683 /* Info.plist */ = {isa = PBXFileReference; lastKnownFileType = text.plist.xml; path = Info.plist; sourceTree = "<group>"; };
		28AB2B8E1ABC2BD90058D683 /* AppDelegate.swift */ = {isa = PBXFileReference; lastKnownFileType = sourcecode.swift; path = AppDelegate.swift; sourceTree = "<group>"; };
		28AB2B901ABC2BD90058D683 /* ViewController.swift */ = {isa = PBXFileReference; lastKnownFileType = sourcecode.swift; path = ViewController.swift; sourceTree = "<group>"; };
		28AB2B931ABC2BD90058D683 /* Base */ = {isa = PBXFileReference; lastKnownFileType = file.storyboard; name = Base; path = Base.lproj/Main.storyboard; sourceTree = "<group>"; };
		28AB2B951ABC2BD90058D683 /* Images.xcassets */ = {isa = PBXFileReference; lastKnownFileType = folder.assetcatalog; path = Images.xcassets; sourceTree = "<group>"; };
		28AB2B981ABC2BD90058D683 /* Base */ = {isa = PBXFileReference; lastKnownFileType = file.xib; name = Base; path = Base.lproj/LaunchScreen.xib; sourceTree = "<group>"; };
		28AB2B9E1ABC2BD90058D683 /* SimpleProjectTests.xctest */ = {isa = PBXFileReference; explicitFileType = wrapper.cfbundle; includeInIndex = 0; path = SimpleProjectTests.xctest; sourceTree = BUILT_PRODUCTS_DIR; };
		28AB2BA31ABC2BD90058D683 /* Info.plist */ = {isa = PBXFileReference; lastKnownFileType = text.plist.xml; path = Info.plist; sourceTree = "<group>"; };
		28AB2BA41ABC2BD90058D683 /* SimpleProjectTests.swift */ = {isa = PBXFileReference; lastKnownFileType = sourcecode.swift; path = SimpleProjectTests.swift; sourceTree = "<group>"; };
/* End PBXFileReference section */

/* Begin PBXFrameworksBuildPhase section */
		28AB2B861ABC2BD90058D683 /* Frameworks */ = {
			isa = PBXFrameworksBuildPhase;
			buildActionMask = 2147483647;
			files = (
			);
			runOnlyForDeploymentPostprocessing = 0;
		};
		28AB2B9B1ABC2BD90058D683 /* Frameworks */ = {
			isa = PBXFrameworksBuildPhase;
			buildActionMask = 2147483647;
			files = (
			);
			runOnlyForDeploymentPostprocessing = 0;
		};
/* End PBXFrameworksBuildPhase section */

/* Begin PBXGroup section */
		28AB2B801ABC2BD90058D683 = {
			isa = PBXGroup;
			children = (
				28AB2B8B1ABC2BD90058D683 /* SimpleProject */,
				28AB2BA11ABC2BD90058D683 /* SimpleProjectTests */,
				28AB2B8A1ABC2BD90058D683 /* Products */,
			);
			sourceTree = "<group>";
		};
		28AB2B8A1ABC2BD90058D683 /* Products */ = {
			isa = PBXGroup;
			children = (
				28AB2B891ABC2BD90058D683 /* SimpleProject.app */,
				28AB2B9E1ABC2BD90058D683 /* SimpleProjectTests.xctest */,
			);
			name = Products;
			sourceTree = "<group>";
		};
		28AB2B8B1ABC2BD90058D683 /* SimpleProject */ = {
			isa = PBXGroup;
			children = (
				28AB2B8E1ABC2BD90058D683 /* AppDelegate.swift */,
				28AB2B901ABC2BD90058D683 /* ViewController.swift */,
				28AB2B921ABC2BD90058D683 /* Main.storyboard */,
				28AB2B951ABC2BD90058D683 /* Images.xcassets */,
				28AB2B971ABC2BD90058D683 /* LaunchScreen.xib */,
				28AB2B8C1ABC2BD90058D683 /* Supporting Files */,
			);
			path = SimpleProject;
			sourceTree = "<group>";
		};
		28AB2B8C1ABC2BD90058D683 /* Supporting Files */ = {
			isa = PBXGroup;
			children = (
				28AB2B8D1ABC2BD90058D683 /* Info.plist */,
			);
			name = "Supporting Files";
			sourceTree = "<group>";
		};
		28AB2BA11ABC2BD90058D683 /* SimpleProjectTests */ = {
			isa = PBXGroup;
			children = (
				28AB2BA41ABC2BD90058D683 /* SimpleProjectTests.swift */,
				28AB2BA21ABC2BD90058D683 /* Supporting Files */,
			);
			path = SimpleProjectTests;
			sourceTree = "<group>";
		};
		28AB2BA21ABC2BD90058D683 /* Supporting Files */ = {
			isa = PBXGroup;
			children = (
				28AB2BA31ABC2BD90058D683 /* Info.plist */,
			);
			name = "Supporting Files";
			sourceTree = "<group>";
		};
/* End PBXGroup section */

/* Begin PBXNativeTarget section */
		28AB2B881ABC2BD90058D683 /* SimpleProject */ = {
			isa = PBXNativeTarget;
			buildConfigurationList = 28AB2BA81ABC2BD90058D683 /* Build configuration list for PBXNativeTarget "SimpleProject" */;
			buildPhases = (
				28AB2B851ABC2BD90058D683 /* Sources */,
				28AB2B861ABC2BD90058D683 /* Frameworks */,
				28AB2B871ABC2BD90058D683 /* Resources */,
			);
			buildRules = (
			);
			dependencies = (
			);
			name = SimpleProject;
			productName = SimpleProject;
			productReference = 28AB2B891ABC2BD90058D683 /* SimpleProject.app */;
			productType = "com.apple.product-type.application";
		};
		28AB2B9D1ABC2BD90058D683 /* SimpleProjectTests */ = {
			isa = PBXNativeTarget;
			buildConfigurationList = 28AB2BAB1ABC2BD90058D683 /* Build configuration list for PBXNativeTarget "SimpleProjectTests" */;
			buildPhases = (
				28AB2B9A1ABC2BD90058D683 /* Sources */,
				28AB2B9B1ABC2BD90058D683 /* Frameworks */,
				28AB2B9C1ABC2BD90058D683 /* Resources */,
			);
			buildRules = (
			);
			dependencies = (
				28AB2BA01ABC2BD90058D683 /* PBXTargetDependency */,
			);
			name = SimpleProjectTests;
			productName = SimpleProjectTests;
			productReference = 28AB2B9E1ABC2BD90058D683 /* SimpleProjectTests.xctest */;
			productType = "com.apple.product-type.bundle.unit-test";
		};
/* End PBXNativeTarget section */

/* Begin PBXProject section */
		28AB2B811ABC2BD90058D683 /* Project object */ = {
			isa = PBXProject;
			attributes = {
				LastUpgradeCheck = 0610;
				ORGANIZATIONNAME = Szabist;
				TargetAttributes = {
					28AB2B881ABC2BD90058D683 = {
						CreatedOnToolsVersion = 6.1.1;
					};
					28AB2B9D1ABC2BD90058D683 = {
						CreatedOnToolsVersion = 6.1.1;
						TestTargetID = 28AB2B881ABC2BD90058D683;
					};
				};
			};
			buildConfigurationList = 28AB2B841ABC2BD90058D683 /* Build configuration list for PBXProject "SimpleProject" */;
			compatibilityVersion = "Xcode 3.2";
			developmentRegion = English;
			hasScannedForEncodings = 0;
			knownRegions = (
				en,
				Base,
			);
			mainGroup = 28AB2B801ABC2BD90058D683;
			productRefGroup = 28AB2B8A1ABC2BD90058D683 /* Products */;
			projectDirPath = "";
			projectRoot = "";
			targets = (
				28AB2B881ABC2BD90058D683 /* SimpleProject */,
				28AB2B9D1ABC2BD90058D683 /* SimpleProjectTests */,
			);
		};
/* End PBXProject section */

/* Begin PBXResourcesBuildPhase section */
		28AB2B871ABC2BD90058D683 /* Resources */ = {
			isa = PBXResourcesBuildPhase;
			buildActionMask = 2147483647;
			files = (
				28AB2B941ABC2BD90058D683 /* Main.storyboard in Resources */,
				28AB2B991ABC2BD90058D683 /* LaunchScreen.xib in Resources */,
				28AB2B961ABC2BD90058D683 /* Images.xcassets in Resources */,
			);
			runOnlyForDeploymentPostprocessing = 0;
		};
		28AB2B9C1ABC2BD90058D683 /* Resources */ = {
			isa = PBXResourcesBuildPhase;
			buildActionMask = 2147483647;
			files = (
			);
			runOnlyForDeploymentPostprocessing = 0;
		};
/* End PBXResourcesBuildPhase section */

/* Begin PBXSourcesBuildPhase section */
		28AB2B851ABC2BD90058D683 /* Sources */ = {
			isa = PBXSourcesBuildPhase;
			buildActionMask = 2147483647;
			files = (
				28AB2B911ABC2BD90058D683 /* ViewController.swift in Sources */,
				28AB2B8F1ABC2BD90058D683 /* AppDelegate.swift in Sources */,
			);
			runOnlyForDeploymentPostprocessing = 0;
		};
		28AB2B9A1ABC2BD90058D683 /* Sources */ = {
			isa = PBXSourcesBuildPhase;
			buildActionMask = 2147483647;
			files = (
				28AB2BA51ABC2BD90058D683 /* SimpleProjectTests.swift in Sources */,
			);
			runOnlyForDeploymentPostprocessing = 0;
		};
/* End PBXSourcesBuildPhase section */

/* Begin PBXTargetDependency section */
		28AB2BA01ABC2BD90058D683 /* PBXTargetDependency */ = {
			isa = PBXTargetDependency;
			target = 28AB2B881ABC2BD90058D683 /* SimpleProject */;
			targetProxy = 28AB2B9F1ABC2BD90058D683 /* PBXContainerItemProxy */;
		};
/* End PBXTargetDependency section */

/* Begin PBXVariantGroup section */
		28AB2B921ABC2BD90058D683 /* Main.storyboard */ = {
			isa = PBXVariantGroup;
			children = (
				28AB2B931ABC2BD90058D683 /* Base */,
			);
			name = Main.storyboard;
			sourceTree = "<group>";
		};
		28AB2B971ABC2BD90058D683 /* LaunchScreen.xib */ = {
			isa = PBXVariantGroup;
			children = (
				28AB2B981ABC2BD90058D683 /* Base */,
			);
			name = LaunchScreen.xib;
			sourceTree = "<group>";
		};
/* End PBXVariantGroup section */

/* Begin XCBuildConfiguration section */
		28AB2BA61ABC2BD90058D683 /* Debug */ = {
			isa = XCBuildConfiguration;
			buildSettings = {
				ALWAYS_SEARCH_USER_PATHS = NO;
				CLANG_CXX_LANGUAGE_STANDARD = "gnu++0x";
				CLANG_CXX_LIBRARY = "libc++";
				CLANG_ENABLE_MODULES = YES;
				CLANG_ENABLE_OBJC_ARC = YES;
				CLANG_WARN_BOOL_CONVERSION = YES;
				CLANG_WARN_CONSTANT_CONVERSION = YES;
				CLANG_WARN_DIRECT_OBJC_ISA_USAGE = YES_ERROR;
				CLANG_WARN_EMPTY_BODY = YES;
				CLANG_WARN_ENUM_CONVERSION = YES;
				CLANG_WARN_INT_CONVERSION = YES;
				CLANG_WARN_OBJC_ROOT_CLASS = YES_ERROR;
				CLANG_WARN_UNREACHABLE_CODE = YES;
				CLANG_WARN__DUPLICATE_METHOD_MATCH = YES;
				"CODE_SIGN_IDENTITY[sdk=iphoneos*]" = "iPhone Developer";
				COPY_PHASE_STRIP = NO;
				ENABLE_STRICT_OBJC_MSGSEND = YES;
				GCC_C_LANGUAGE_STANDARD = gnu99;
				GCC_DYNAMIC_NO_PIC = NO;
				GCC_OPTIMIZATION_LEVEL = 0;
				GCC_PREPROCESSOR_DEFINITIONS = (
					"DEBUG=1",
					"$(inherited)",
				);
				GCC_SYMBOLS_PRIVATE_EXTERN = NO;
				GCC_WARN_64_TO_32_BIT_CONVERSION = YES;
				GCC_WARN_ABOUT_RETURN_TYPE = YES_ERROR;
				GCC_WARN_UNDECLARED_SELECTOR = YES;
				GCC_WARN_UNINITIALIZED_AUTOS = YES_AGGRESSIVE;
				GCC_WARN_UNUSED_FUNCTION = YES;
				GCC_WARN_UNUSED_VARIABLE = YES;
				IPHONEOS_DEPLOYMENT_TARGET = 8.1;
				MTL_ENABLE_DEBUG_INFO = YES;
				ONLY_ACTIVE_ARCH = YES;
				SDKROOT = iphoneos;
				SWIFT_OPTIMIZATION_LEVEL = "-Onone";
			};
			name = Debug;
		};
		28AB2BA71ABC2BD90058D683 /* Release */ = {
			isa = XCBuildConfiguration;
			buildSettings = {
				ALWAYS_SEARCH_USER_PATHS = NO;
				CLANG_CXX_LANGUAGE_STANDARD = "gnu++0x";
				CLANG_CXX_LIBRARY = "libc++";
				CLANG_ENABLE_MODULES = YES;
				CLANG_ENABLE_OBJC_ARC = YES;
				CLANG_WARN_BOOL_CONVERSION = YES;
				CLANG_WARN_CONSTANT_CONVERSION = YES;
				CLANG_WARN_DIRECT_OBJC_ISA_USAGE = YES_ERROR;
				CLANG_WARN_EMPTY_BODY = YES;
				CLANG_WARN_ENUM_CONVERSION = YES;
				CLANG_WARN_INT_CONVERSION = YES;
				CLANG_WARN_OBJC_ROOT_CLASS = YES_ERROR;
				CLANG_WARN_UNREACHABLE_CODE = YES;
				CLANG_WARN__DUPLICATE_METHOD_MATCH = YES;
				"CODE_SIGN_IDENTITY[sdk=iphoneos*]" = "iPhone Developer";
				COPY_PHASE_STRIP = YES;
				ENABLE_NS_ASSERTIONS = NO;
				ENABLE_STRICT_OBJC_MSGSEND = YES;
				GCC_C_LANGUAGE_STANDARD = gnu99;
				GCC_WARN_64_TO_32_BIT_CONVERSION = YES;
				GCC_WARN_ABOUT_RETURN_TYPE = YES_ERROR;
				GCC_WARN_UNDECLARED_SELECTOR = YES;
				GCC_WARN_UNINITIALIZED_AUTOS = YES_AGGRESSIVE;
				GCC_WARN_UNUSED_FUNCTION = YES;
				GCC_WARN_UNUSED_VARIABLE = YES;
				IPHONEOS_DEPLOYMENT_TARGET = 8.1;
				MTL_ENABLE_DEBUG_INFO = NO;
				SDKROOT = iphoneos;
				VALIDATE_PRODUCT = YES;
			};
			name = Release;
		};
		28AB2BA91ABC2BD90058D683 /* Debug */ = {
			isa = XCBuildConfiguration;
			buildSettings = {
				ASSETCATALOG_COMPILER_APPICON_NAME = AppIcon;
				INFOPLIST_FILE = SimpleProject/Info.plist;
				LD_RUNPATH_SEARCH_PATHS = "$(inherited) @executable_path/Frameworks";
				PRODUCT_NAME = "$(TARGET_NAME)";
			};
			name = Debug;
		};
		28AB2BAA1ABC2BD90058D683 /* Release */ = {
			isa = XCBuildConfiguration;
			buildSettings = {
				ASSETCATALOG_COMPILER_APPICON_NAME = AppIcon;
				INFOPLIST_FILE = SimpleProject/Info.plist;
				LD_RUNPATH_SEARCH_PATHS = "$(inherited) @executable_path/Frameworks";
				PRODUCT_NAME = "$(TARGET_NAME)";
			};
			name = Release;
		};
		28AB2BAC1ABC2BD90058D683 /* Debug */ = {
			isa = XCBuildConfiguration;
			buildSettings = {
				BUNDLE_LOADER = "$(TEST_HOST)";
				FRAMEWORK_SEARCH_PATHS = (
					"$(SDKROOT)/Developer/Library/Frameworks",
					"$(inherited)",
				);
				GCC_PREPROCESSOR_DEFINITIONS = (
					"DEBUG=1",
					"$(inherited)",
				);
				INFOPLIST_FILE = SimpleProjectTests/Info.plist;
				LD_RUNPATH_SEARCH_PATHS = "$(inherited) @executable_path/Frameworks @loader_path/Frameworks";
				PRODUCT_NAME = "$(TARGET_NAME)";
				TEST_HOST = "$(BUILT_PRODUCTS_DIR)/SimpleProject.app/SimpleProject";
			};
			name = Debug;
		};
		28AB2BAD1ABC2BD90058D683 /* Release */ = {
			isa = XCBuildConfiguration;
			buildSettings = {
				BUNDLE_LOADER = "$(TEST_HOST)";
				FRAMEWORK_SEARCH_PATHS = (
					"$(SDKROOT)/Developer/Library/Frameworks",
					"$(inherited)",
				);
				INFOPLIST_FILE = SimpleProjectTests/Info.plist;
				LD_RUNPATH_SEARCH_PATHS = "$(inherited) @executable_path/Frameworks @loader_path/Frameworks";
				PRODUCT_NAME = "$(TARGET_NAME)";
				TEST_HOST = "$(BUILT_PRODUCTS_DIR)/SimpleProject.app/SimpleProject";
			};
			name = Release;
		};
/* End XCBuildConfiguration section */

/* Begin XCConfigurationList section */
		28AB2B841ABC2BD90058D683 /* Build configuration list for PBXProject "SimpleProject" */ = {
			isa = XCConfigurationList;
			buildConfigurations = (
				28AB2BA61ABC2BD90058D683 /* Debug */,
				28AB2BA71ABC2BD90058D683 /* Release */,
			);
			defaultConfigurationIsVisible = 0;
			defaultConfigurationName = Release;
		};
		28AB2BA81ABC2BD90058D683 /* Build configuration list for PBXNativeTarget "SimpleProject" */ = {
			isa = XCConfigurationList;
			buildConfigurations = (
				28AB2BA91ABC2BD90058D683 /* Debug */,
				28AB2BAA1ABC2BD90058D683 /* Release */,
			);
			defaultConfigurationIsVisible = 0;
		};
		28AB2BAB1ABC2BD90058D683 /* Build configuration list for PBXNativeTarget "SimpleProjectTests" */ = {
			isa = XCConfigurationList;
			buildConfigurations = (
				28AB2BAC1ABC2BD90058D683 /* Debug */,
				28AB2BAD1ABC2BD90058D683 /* Release */,
			);
			defaultConfigurationIsVisible = 0;
		};
/* End XCConfigurationList section */
	};
	rootObject = 28AB2B811ABC2BD90058D683 /* Project object */;
}
